// !$*UTF8*$!
{
	archiveVersion = 1;
	classes = {
	};
	objectVersion = 56;
	objects = {

/* Begin PBXBuildFile section */
		310099652A1BF69F003BC155 /* UIOneCoinConstants.swift in Sources */ = {isa = PBXBuildFile; fileRef = 310099642A1BF69F003BC155 /* UIOneCoinConstants.swift */; };
		314515AF2A1F94E500E31A17 /* TotalExpenseChartWidgetContent.swift in Sources */ = {isa = PBXBuildFile; fileRef = 314515AE2A1F94E500E31A17 /* TotalExpenseChartWidgetContent.swift */; };
		314515B12A1F9D2D00E31A17 /* LollipopChart.swift in Sources */ = {isa = PBXBuildFile; fileRef = 314515B02A1F9D2D00E31A17 /* LollipopChart.swift */; };
		314515B32A1FA92600E31A17 /* LollipopChartMockData.swift in Sources */ = {isa = PBXBuildFile; fileRef = 314515B22A1FA92600E31A17 /* LollipopChartMockData.swift */; };
		314515B72A1FB5EA00E31A17 /* Date.swift in Sources */ = {isa = PBXBuildFile; fileRef = 314515B62A1FB5EA00E31A17 /* Date.swift */; };
		314515BA2A1FF0A100E31A17 /* SafeInCollection.swift in Sources */ = {isa = PBXBuildFile; fileRef = 314515B92A1FF0A100E31A17 /* SafeInCollection.swift */; };
		314515BC2A1FF38500E31A17 /* InteractionWithLollipopChart.swift in Sources */ = {isa = PBXBuildFile; fileRef = 314515BB2A1FF38500E31A17 /* InteractionWithLollipopChart.swift */; };
		319CBA882A1D5D3300E5B8FD /* AccountCard.swift in Sources */ = {isa = PBXBuildFile; fileRef = 319CBA872A1D5D3300E5B8FD /* AccountCard.swift */; };
		319CBA8B2A1E3B3400E5B8FD /* TotalExpenseChartWidget.swift in Sources */ = {isa = PBXBuildFile; fileRef = 319CBA8A2A1E3B3400E5B8FD /* TotalExpenseChartWidget.swift */; };
		319CBA8F2A1E57E200E5B8FD /* TimelineTypes.swift in Sources */ = {isa = PBXBuildFile; fileRef = 319CBA8E2A1E57E200E5B8FD /* TimelineTypes.swift */; };
		3A23C5D0299256BA0033CCF8 /* OneCoinApp.swift in Sources */ = {isa = PBXBuildFile; fileRef = 3A23C5CF299256BA0033CCF8 /* OneCoinApp.swift */; };
		3A23C5D2299256BA0033CCF8 /* HomeScreen.swift in Sources */ = {isa = PBXBuildFile; fileRef = 3A23C5D1299256BA0033CCF8 /* HomeScreen.swift */; };
		3A23C5D4299256BB0033CCF8 /* Assets.xcassets in Resources */ = {isa = PBXBuildFile; fileRef = 3A23C5D3299256BB0033CCF8 /* Assets.xcassets */; };
		3A23C5D7299256BB0033CCF8 /* Preview Assets.xcassets in Resources */ = {isa = PBXBuildFile; fileRef = 3A23C5D6299256BB0033CCF8 /* Preview Assets.xcassets */; };
		3A5BA2D129A8FE0D00085ACF /* TabsNavigationScreen.swift in Sources */ = {isa = PBXBuildFile; fileRef = 3A5BA2D029A8FE0D00085ACF /* TabsNavigationScreen.swift */; };
		3A5BA2DA29A9014300085ACF /* AnalyticsScreen.swift in Sources */ = {isa = PBXBuildFile; fileRef = 3A5BA2D929A9014300085ACF /* AnalyticsScreen.swift */; };
		3A5BA2DC29A9016200085ACF /* CardAccountsScreen.swift in Sources */ = {isa = PBXBuildFile; fileRef = 3A5BA2DB29A9016200085ACF /* CardAccountsScreen.swift */; };
		3A5BA2DE29A9017700085ACF /* TransactionsScreen.swift in Sources */ = {isa = PBXBuildFile; fileRef = 3A5BA2DD29A9017700085ACF /* TransactionsScreen.swift */; };
		3A5BA2E129A901C100085ACF /* AddTransactionScreen.swift in Sources */ = {isa = PBXBuildFile; fileRef = 3A5BA2E029A901C100085ACF /* AddTransactionScreen.swift */; };
		3A5BA2E429A9FFDF00085ACF /* SVGImageView.swift in Sources */ = {isa = PBXBuildFile; fileRef = 3A5BA2E329A9FFDF00085ACF /* SVGImageView.swift */; };
		3A5BA2E729AA674B00085ACF /* CoinTabView.swift in Sources */ = {isa = PBXBuildFile; fileRef = 3A5BA2E629AA674B00085ACF /* CoinTabView.swift */; };
		3A5BA2EC29B10B0A00085ACF /* CoinTheme.swift in Sources */ = {isa = PBXBuildFile; fileRef = 3A5BA2EB29B10B0A00085ACF /* CoinTheme.swift */; };
		3A5BA2EE29B10B2D00085ACF /* Typography.swift in Sources */ = {isa = PBXBuildFile; fileRef = 3A5BA2ED29B10B2D00085ACF /* Typography.swift */; };
		3A5BA2F029B10BE000085ACF /* CoinColors.swift in Sources */ = {isa = PBXBuildFile; fileRef = 3A5BA2EF29B10BE000085ACF /* CoinColors.swift */; };
		3A5BA2FA29B376E300085ACF /* AppScreen.swift in Sources */ = {isa = PBXBuildFile; fileRef = 3A5BA2F929B376E300085ACF /* AppScreen.swift */; };
		3A5BA2FC29B37D1E00085ACF /* CustomEnvironmentValues.swift in Sources */ = {isa = PBXBuildFile; fileRef = 3A5BA2FB29B37D1E00085ACF /* CustomEnvironmentValues.swift */; };
		3A5BA2FE29B3895200085ACF /* CoinTopAppBar.swift in Sources */ = {isa = PBXBuildFile; fileRef = 3A5BA2FD29B3895200085ACF /* CoinTopAppBar.swift */; };
		3A5BA30029B39BB800085ACF /* HomeTopBar.swift in Sources */ = {isa = PBXBuildFile; fileRef = 3A5BA2FF29B39BB800085ACF /* HomeTopBar.swift */; };
		3A5BA30229B3A83000085ACF /* TransactionsAppBar.swift in Sources */ = {isa = PBXBuildFile; fileRef = 3A5BA30129B3A83000085ACF /* TransactionsAppBar.swift */; };
		3A5BA30529B3A98300085ACF /* SettingsScreen.swift in Sources */ = {isa = PBXBuildFile; fileRef = 3A5BA30429B3A98300085ACF /* SettingsScreen.swift */; };
		3AE30BF929957A1400482B0D /* OneCoinShared.framework in Frameworks */ = {isa = PBXBuildFile; fileRef = 3AE30BF829957A1400482B0D /* OneCoinShared.framework */; };
		3AF88E0729F3DC9E0011C207 /* CoinWidget.swift in Sources */ = {isa = PBXBuildFile; fileRef = 3AF88E0629F3DC9E0011C207 /* CoinWidget.swift */; };
		3AF88E0929F3DE220011C207 /* View+Extension.swift in Sources */ = {isa = PBXBuildFile; fileRef = 3AF88E0829F3DE220011C207 /* View+Extension.swift */; };
		3AF88E0D29F3EDB30011C207 /* LastTransactionsWidget.swift in Sources */ = {isa = PBXBuildFile; fileRef = 3AF88E0C29F3EDB30011C207 /* LastTransactionsWidget.swift */; };
		7E7F35102A0AEEEA008C345E /* AccountCardModel.swift in Sources */ = {isa = PBXBuildFile; fileRef = 7E7F350F2A0AEEEA008C345E /* AccountCardModel.swift */; };
		7E7F35172A0AF421008C345E /* PlansScreen.swift in Sources */ = {isa = PBXBuildFile; fileRef = 7E7F35162A0AF421008C345E /* PlansScreen.swift */; };
		7E7F35192A0AFAFF008C345E /* Tab.swift in Sources */ = {isa = PBXBuildFile; fileRef = 7E7F35182A0AFAFF008C345E /* Tab.swift */; };
		B3E49C0266F031A1198D961B /* Pods_OneCoin.framework in Frameworks */ = {isa = PBXBuildFile; fileRef = 20EC0D6E66424714DD8562F4 /* Pods_OneCoin.framework */; };
/* End PBXBuildFile section */

/* Begin PBXFileReference section */
		106BD4D641D5FF7BDD1FC52C /* Pods-OneCoin.release.xcconfig */ = {isa = PBXFileReference; includeInIndex = 1; lastKnownFileType = text.xcconfig; name = "Pods-OneCoin.release.xcconfig"; path = "Target Support Files/Pods-OneCoin/Pods-OneCoin.release.xcconfig"; sourceTree = "<group>"; };
		20EC0D6E66424714DD8562F4 /* Pods_OneCoin.framework */ = {isa = PBXFileReference; explicitFileType = wrapper.framework; includeInIndex = 0; path = Pods_OneCoin.framework; sourceTree = BUILT_PRODUCTS_DIR; };
		310099642A1BF69F003BC155 /* UIOneCoinConstants.swift */ = {isa = PBXFileReference; lastKnownFileType = sourcecode.swift; path = UIOneCoinConstants.swift; sourceTree = "<group>"; };
		314515AE2A1F94E500E31A17 /* TotalExpenseChartWidgetContent.swift */ = {isa = PBXFileReference; lastKnownFileType = sourcecode.swift; path = TotalExpenseChartWidgetContent.swift; sourceTree = "<group>"; };
		314515B02A1F9D2D00E31A17 /* LollipopChart.swift */ = {isa = PBXFileReference; lastKnownFileType = sourcecode.swift; path = LollipopChart.swift; sourceTree = "<group>"; };
		314515B22A1FA92600E31A17 /* LollipopChartMockData.swift */ = {isa = PBXFileReference; lastKnownFileType = sourcecode.swift; path = LollipopChartMockData.swift; sourceTree = "<group>"; };
		314515B62A1FB5EA00E31A17 /* Date.swift */ = {isa = PBXFileReference; lastKnownFileType = sourcecode.swift; path = Date.swift; sourceTree = "<group>"; };
		314515B92A1FF0A100E31A17 /* SafeInCollection.swift */ = {isa = PBXFileReference; lastKnownFileType = sourcecode.swift; path = SafeInCollection.swift; sourceTree = "<group>"; };
		314515BB2A1FF38500E31A17 /* InteractionWithLollipopChart.swift */ = {isa = PBXFileReference; lastKnownFileType = sourcecode.swift; path = InteractionWithLollipopChart.swift; sourceTree = "<group>"; };
		319CBA872A1D5D3300E5B8FD /* AccountCard.swift */ = {isa = PBXFileReference; lastKnownFileType = sourcecode.swift; path = AccountCard.swift; sourceTree = "<group>"; };
		319CBA8A2A1E3B3400E5B8FD /* TotalExpenseChartWidget.swift */ = {isa = PBXFileReference; lastKnownFileType = sourcecode.swift; path = TotalExpenseChartWidget.swift; sourceTree = "<group>"; };
		319CBA8E2A1E57E200E5B8FD /* TimelineTypes.swift */ = {isa = PBXFileReference; lastKnownFileType = sourcecode.swift; path = TimelineTypes.swift; sourceTree = "<group>"; };
		3A23C5CC299256BA0033CCF8 /* OneCoin.app */ = {isa = PBXFileReference; explicitFileType = wrapper.application; includeInIndex = 0; path = OneCoin.app; sourceTree = BUILT_PRODUCTS_DIR; };
		3A23C5CF299256BA0033CCF8 /* OneCoinApp.swift */ = {isa = PBXFileReference; lastKnownFileType = sourcecode.swift; path = OneCoinApp.swift; sourceTree = "<group>"; };
		3A23C5D1299256BA0033CCF8 /* HomeScreen.swift */ = {isa = PBXFileReference; lastKnownFileType = sourcecode.swift; path = HomeScreen.swift; sourceTree = "<group>"; };
		3A23C5D3299256BB0033CCF8 /* Assets.xcassets */ = {isa = PBXFileReference; lastKnownFileType = folder.assetcatalog; path = Assets.xcassets; sourceTree = "<group>"; };
		3A23C5D6299256BB0033CCF8 /* Preview Assets.xcassets */ = {isa = PBXFileReference; lastKnownFileType = folder.assetcatalog; path = "Preview Assets.xcassets"; sourceTree = "<group>"; };
		3A5BA2D029A8FE0D00085ACF /* TabsNavigationScreen.swift */ = {isa = PBXFileReference; lastKnownFileType = sourcecode.swift; path = TabsNavigationScreen.swift; sourceTree = "<group>"; };
		3A5BA2D929A9014300085ACF /* AnalyticsScreen.swift */ = {isa = PBXFileReference; lastKnownFileType = sourcecode.swift; path = AnalyticsScreen.swift; sourceTree = "<group>"; };
		3A5BA2DB29A9016200085ACF /* CardAccountsScreen.swift */ = {isa = PBXFileReference; lastKnownFileType = sourcecode.swift; path = CardAccountsScreen.swift; sourceTree = "<group>"; };
		3A5BA2DD29A9017700085ACF /* TransactionsScreen.swift */ = {isa = PBXFileReference; lastKnownFileType = sourcecode.swift; path = TransactionsScreen.swift; sourceTree = "<group>"; };
		3A5BA2E029A901C100085ACF /* AddTransactionScreen.swift */ = {isa = PBXFileReference; lastKnownFileType = sourcecode.swift; path = AddTransactionScreen.swift; sourceTree = "<group>"; };
		3A5BA2E329A9FFDF00085ACF /* SVGImageView.swift */ = {isa = PBXFileReference; lastKnownFileType = sourcecode.swift; path = SVGImageView.swift; sourceTree = "<group>"; };
		3A5BA2E629AA674B00085ACF /* CoinTabView.swift */ = {isa = PBXFileReference; lastKnownFileType = sourcecode.swift; path = CoinTabView.swift; sourceTree = "<group>"; };
		3A5BA2EB29B10B0A00085ACF /* CoinTheme.swift */ = {isa = PBXFileReference; lastKnownFileType = sourcecode.swift; path = CoinTheme.swift; sourceTree = "<group>"; };
		3A5BA2ED29B10B2D00085ACF /* Typography.swift */ = {isa = PBXFileReference; lastKnownFileType = sourcecode.swift; path = Typography.swift; sourceTree = "<group>"; };
		3A5BA2EF29B10BE000085ACF /* CoinColors.swift */ = {isa = PBXFileReference; lastKnownFileType = sourcecode.swift; path = CoinColors.swift; sourceTree = "<group>"; };
		3A5BA2F929B376E300085ACF /* AppScreen.swift */ = {isa = PBXFileReference; lastKnownFileType = sourcecode.swift; name = AppScreen.swift; path = ../AppScreen.swift; sourceTree = "<group>"; };
		3A5BA2FB29B37D1E00085ACF /* CustomEnvironmentValues.swift */ = {isa = PBXFileReference; lastKnownFileType = sourcecode.swift; path = CustomEnvironmentValues.swift; sourceTree = "<group>"; };
		3A5BA2FD29B3895200085ACF /* CoinTopAppBar.swift */ = {isa = PBXFileReference; lastKnownFileType = sourcecode.swift; path = CoinTopAppBar.swift; sourceTree = "<group>"; };
		3A5BA2FF29B39BB800085ACF /* HomeTopBar.swift */ = {isa = PBXFileReference; lastKnownFileType = sourcecode.swift; path = HomeTopBar.swift; sourceTree = "<group>"; };
		3A5BA30129B3A83000085ACF /* TransactionsAppBar.swift */ = {isa = PBXFileReference; lastKnownFileType = sourcecode.swift; path = TransactionsAppBar.swift; sourceTree = "<group>"; };
		3A5BA30429B3A98300085ACF /* SettingsScreen.swift */ = {isa = PBXFileReference; lastKnownFileType = sourcecode.swift; path = SettingsScreen.swift; sourceTree = "<group>"; };
		3AE30BF829957A1400482B0D /* OneCoinShared.framework */ = {isa = PBXFileReference; lastKnownFileType = wrapper.framework; name = OneCoinShared.framework; path = ../common/build/cocoapods/framework/OneCoinShared.framework; sourceTree = "<group>"; };
		3AE30BFA2997C00000482B0D /* Info.plist */ = {isa = PBXFileReference; lastKnownFileType = text.plist; path = Info.plist; sourceTree = "<group>"; };
		3AF88E0629F3DC9E0011C207 /* CoinWidget.swift */ = {isa = PBXFileReference; lastKnownFileType = sourcecode.swift; path = CoinWidget.swift; sourceTree = "<group>"; };
		3AF88E0829F3DE220011C207 /* View+Extension.swift */ = {isa = PBXFileReference; lastKnownFileType = sourcecode.swift; path = "View+Extension.swift"; sourceTree = "<group>"; };
		3AF88E0C29F3EDB30011C207 /* LastTransactionsWidget.swift */ = {isa = PBXFileReference; lastKnownFileType = sourcecode.swift; path = LastTransactionsWidget.swift; sourceTree = "<group>"; };
		7E7F350F2A0AEEEA008C345E /* AccountCardModel.swift */ = {isa = PBXFileReference; lastKnownFileType = sourcecode.swift; path = AccountCardModel.swift; sourceTree = "<group>"; };
		7E7F35162A0AF421008C345E /* PlansScreen.swift */ = {isa = PBXFileReference; lastKnownFileType = sourcecode.swift; path = PlansScreen.swift; sourceTree = "<group>"; };
		7E7F35182A0AFAFF008C345E /* Tab.swift */ = {isa = PBXFileReference; lastKnownFileType = sourcecode.swift; path = Tab.swift; sourceTree = "<group>"; };
		9EE0A9CAE319A78AC1868C04 /* Pods-OneCoin.debug.xcconfig */ = {isa = PBXFileReference; includeInIndex = 1; lastKnownFileType = text.xcconfig; name = "Pods-OneCoin.debug.xcconfig"; path = "Target Support Files/Pods-OneCoin/Pods-OneCoin.debug.xcconfig"; sourceTree = "<group>"; };
/* End PBXFileReference section */

/* Begin PBXFrameworksBuildPhase section */
		3A23C5C9299256BA0033CCF8 /* Frameworks */ = {
			isa = PBXFrameworksBuildPhase;
			buildActionMask = 2147483647;
			files = (
				3AE30BF929957A1400482B0D /* OneCoinShared.framework in Frameworks */,
				B3E49C0266F031A1198D961B /* Pods_OneCoin.framework in Frameworks */,
			);
			runOnlyForDeploymentPostprocessing = 0;
		};
/* End PBXFrameworksBuildPhase section */

/* Begin PBXGroup section */
		314515B42A1FB5B500E31A17 /* Extension */ = {
			isa = PBXGroup;
			children = (
				314515B82A1FF08900E31A17 /* Collection */,
				314515B52A1FB5D800E31A17 /* Date */,
			);
			path = Extension;
			sourceTree = "<group>";
		};
		314515B52A1FB5D800E31A17 /* Date */ = {
			isa = PBXGroup;
			children = (
				314515B62A1FB5EA00E31A17 /* Date.swift */,
			);
			path = Date;
			sourceTree = "<group>";
		};
		314515B82A1FF08900E31A17 /* Collection */ = {
			isa = PBXGroup;
			children = (
				314515B92A1FF0A100E31A17 /* SafeInCollection.swift */,
			);
			path = Collection;
			sourceTree = "<group>";
		};
		319CBA892A1E3B1900E5B8FD /* TotalExpenseChart */ = {
			isa = PBXGroup;
			children = (
				319CBA8D2A1E53FC00E5B8FD /* Model */,
				319CBA8C2A1E53F500E5B8FD /* View */,
			);
			path = TotalExpenseChart;
			sourceTree = "<group>";
		};
		319CBA8C2A1E53F500E5B8FD /* View */ = {
			isa = PBXGroup;
			children = (
				319CBA8A2A1E3B3400E5B8FD /* TotalExpenseChartWidget.swift */,
				314515AE2A1F94E500E31A17 /* TotalExpenseChartWidgetContent.swift */,
				314515B02A1F9D2D00E31A17 /* LollipopChart.swift */,
				314515BB2A1FF38500E31A17 /* InteractionWithLollipopChart.swift */,
			);
			path = View;
			sourceTree = "<group>";
		};
		319CBA8D2A1E53FC00E5B8FD /* Model */ = {
			isa = PBXGroup;
			children = (
				319CBA8E2A1E57E200E5B8FD /* TimelineTypes.swift */,
				314515B22A1FA92600E31A17 /* LollipopChartMockData.swift */,
			);
			path = Model;
			sourceTree = "<group>";
		};
		3A23C5C3299256BA0033CCF8 = {
			isa = PBXGroup;
			children = (
				3A23C5CE299256BA0033CCF8 /* OneCoin */,
				3A23C5CD299256BA0033CCF8 /* Products */,
				B69A29D5410520987788C79C /* Pods */,
				3A56AC1D3045F3E4FB33CAD9 /* Frameworks */,
			);
			sourceTree = "<group>";
		};
		3A23C5CD299256BA0033CCF8 /* Products */ = {
			isa = PBXGroup;
			children = (
				3A23C5CC299256BA0033CCF8 /* OneCoin.app */,
			);
			name = Products;
			sourceTree = "<group>";
		};
		3A23C5CE299256BA0033CCF8 /* OneCoin */ = {
			isa = PBXGroup;
			children = (
				3A5BA2E829B10AB900085ACF /* Core */,
				3A5BA2CF29A8FD2200085ACF /* Features */,
				3AE30BFA2997C00000482B0D /* Info.plist */,
				3A5BA2F929B376E300085ACF /* AppScreen.swift */,
				3A23C5CF299256BA0033CCF8 /* OneCoinApp.swift */,
				3A23C5D3299256BB0033CCF8 /* Assets.xcassets */,
				3A23C5D5299256BB0033CCF8 /* Preview Content */,
			);
			path = OneCoin;
			sourceTree = "<group>";
		};
		3A23C5D5299256BB0033CCF8 /* Preview Content */ = {
			isa = PBXGroup;
			children = (
				3A23C5D6299256BB0033CCF8 /* Preview Assets.xcassets */,
			);
			path = "Preview Content";
			sourceTree = "<group>";
		};
		3A56AC1D3045F3E4FB33CAD9 /* Frameworks */ = {
			isa = PBXGroup;
			children = (
				3AE30BF829957A1400482B0D /* OneCoinShared.framework */,
				20EC0D6E66424714DD8562F4 /* Pods_OneCoin.framework */,
			);
			name = Frameworks;
			sourceTree = "<group>";
		};
		3A5BA2CF29A8FD2200085ACF /* Features */ = {
			isa = PBXGroup;
			children = (
				3AF88E0B29F3ED9D0011C207 /* Widgets */,
				3A5BA30329B3A97400085ACF /* Settings */,
				7E7F35112A0AF3D9008C345E /* TabScreens */,
				3A5BA2D229A9008100085ACF /* TabsNavigation */,
			);
			path = Features;
			sourceTree = "<group>";
		};
		3A5BA2D229A9008100085ACF /* TabsNavigation */ = {
			isa = PBXGroup;
			children = (
				3A5BA2D029A8FE0D00085ACF /* TabsNavigationScreen.swift */,
				7E7F35182A0AFAFF008C345E /* Tab.swift */,
			);
			path = TabsNavigation;
			sourceTree = "<group>";
		};
		3A5BA2D329A9008D00085ACF /* Home */ = {
			isa = PBXGroup;
			children = (
				3A23C5D1299256BA0033CCF8 /* HomeScreen.swift */,
				3A5BA2FF29B39BB800085ACF /* HomeTopBar.swift */,
			);
			path = Home;
			sourceTree = "<group>";
		};
		3A5BA2D429A900DA00085ACF /* Transactions */ = {
			isa = PBXGroup;
			children = (
				3A5BA2DD29A9017700085ACF /* TransactionsScreen.swift */,
				3A5BA30129B3A83000085ACF /* TransactionsAppBar.swift */,
			);
			path = Transactions;
			sourceTree = "<group>";
		};
		3A5BA2D529A900E600085ACF /* Accounts */ = {
			isa = PBXGroup;
			children = (
				7E7F350C2A0AEA9F008C345E /* Model */,
				7E7F350D2A0AEAA8008C345E /* View */,
			);
			path = Accounts;
			sourceTree = "<group>";
		};
		3A5BA2D629A900F300085ACF /* Analytics */ = {
			isa = PBXGroup;
			children = (
				3A5BA2D929A9014300085ACF /* AnalyticsScreen.swift */,
			);
			path = Analytics;
			sourceTree = "<group>";
		};
		3A5BA2DF29A901A000085ACF /* AddTransaction */ = {
			isa = PBXGroup;
			children = (
				3A5BA2E029A901C100085ACF /* AddTransactionScreen.swift */,
			);
			path = AddTransaction;
			sourceTree = "<group>";
		};
		3A5BA2E229A9FFC600085ACF /* Utils */ = {
			isa = PBXGroup;
			children = (
				3A5BA2FB29B37D1E00085ACF /* CustomEnvironmentValues.swift */,
			);
			path = Utils;
			sourceTree = "<group>";
		};
		3A5BA2E529AA673300085ACF /* Views */ = {
			isa = PBXGroup;
			children = (
				3A5BA2E329A9FFDF00085ACF /* SVGImageView.swift */,
				3A5BA2E629AA674B00085ACF /* CoinTabView.swift */,
				3A5BA2FD29B3895200085ACF /* CoinTopAppBar.swift */,
				3AF88E0629F3DC9E0011C207 /* CoinWidget.swift */,
				3AF88E0829F3DE220011C207 /* View+Extension.swift */,
			);
			path = Views;
			sourceTree = "<group>";
		};
		3A5BA2E829B10AB900085ACF /* Core */ = {
			isa = PBXGroup;
			children = (
				314515B42A1FB5B500E31A17 /* Extension */,
				3A5BA2EA29B10AF900085ACF /* UI */,
				3A5BA2E529AA673300085ACF /* Views */,
				3A5BA2E229A9FFC600085ACF /* Utils */,
			);
			path = Core;
			sourceTree = "<group>";
		};
		3A5BA2EA29B10AF900085ACF /* UI */ = {
			isa = PBXGroup;
			children = (
				3A5BA2EB29B10B0A00085ACF /* CoinTheme.swift */,
				3A5BA2ED29B10B2D00085ACF /* Typography.swift */,
				3A5BA2EF29B10BE000085ACF /* CoinColors.swift */,
				310099642A1BF69F003BC155 /* UIOneCoinConstants.swift */,
			);
			path = UI;
			sourceTree = "<group>";
		};
		3A5BA30329B3A97400085ACF /* Settings */ = {
			isa = PBXGroup;
			children = (
				3A5BA30429B3A98300085ACF /* SettingsScreen.swift */,
			);
			path = Settings;
			sourceTree = "<group>";
		};
		3AF88E0B29F3ED9D0011C207 /* Widgets */ = {
			isa = PBXGroup;
			children = (
				319CBA892A1E3B1900E5B8FD /* TotalExpenseChart */,
				3A5BA2D529A900E600085ACF /* Accounts */,
				3AF88E0C29F3EDB30011C207 /* LastTransactionsWidget.swift */,
			);
			path = Widgets;
			sourceTree = "<group>";
		};
		7E7F350C2A0AEA9F008C345E /* Model */ = {
			isa = PBXGroup;
			children = (
				7E7F350F2A0AEEEA008C345E /* AccountCardModel.swift */,
			);
			path = Model;
			sourceTree = "<group>";
		};
		7E7F350D2A0AEAA8008C345E /* View */ = {
			isa = PBXGroup;
			children = (
				3A5BA2DB29A9016200085ACF /* CardAccountsScreen.swift */,
				319CBA872A1D5D3300E5B8FD /* AccountCard.swift */,
			);
			path = View;
			sourceTree = "<group>";
		};
		7E7F35112A0AF3D9008C345E /* TabScreens */ = {
			isa = PBXGroup;
			children = (
				7E7F35122A0AF3FE008C345E /* Plans */,
				3A5BA2DF29A901A000085ACF /* AddTransaction */,
				3A5BA2D629A900F300085ACF /* Analytics */,
				3A5BA2D429A900DA00085ACF /* Transactions */,
				3A5BA2D329A9008D00085ACF /* Home */,
			);
			path = TabScreens;
			sourceTree = "<group>";
		};
		7E7F35122A0AF3FE008C345E /* Plans */ = {
			isa = PBXGroup;
			children = (
				7E7F35162A0AF421008C345E /* PlansScreen.swift */,
			);
			path = Plans;
			sourceTree = "<group>";
		};
		B69A29D5410520987788C79C /* Pods */ = {
			isa = PBXGroup;
			children = (
				9EE0A9CAE319A78AC1868C04 /* Pods-OneCoin.debug.xcconfig */,
				106BD4D641D5FF7BDD1FC52C /* Pods-OneCoin.release.xcconfig */,
			);
			path = Pods;
			sourceTree = "<group>";
		};
/* End PBXGroup section */

/* Begin PBXNativeTarget section */
		3A23C5CB299256BA0033CCF8 /* OneCoin */ = {
			isa = PBXNativeTarget;
			buildConfigurationList = 3A23C5DA299256BB0033CCF8 /* Build configuration list for PBXNativeTarget "OneCoin" */;
			buildPhases = (
				F9D732022391754963135969 /* [CP] Check Pods Manifest.lock */,
				3A23C5C8299256BA0033CCF8 /* Sources */,
				3A23C5C9299256BA0033CCF8 /* Frameworks */,
				3A23C5CA299256BA0033CCF8 /* Resources */,
				D836A29EE9D16490C917FE00 /* [CP] Embed Pods Frameworks */,
			);
			buildRules = (
			);
			dependencies = (
			);
			name = OneCoin;
			productName = OneCoin;
			productReference = 3A23C5CC299256BA0033CCF8 /* OneCoin.app */;
			productType = "com.apple.product-type.application";
		};
/* End PBXNativeTarget section */

/* Begin PBXProject section */
		3A23C5C4299256BA0033CCF8 /* Project object */ = {
			isa = PBXProject;
			attributes = {
				BuildIndependentTargetsInParallel = 1;
				LastSwiftUpdateCheck = 1420;
				LastUpgradeCheck = 1420;
				TargetAttributes = {
					3A23C5CB299256BA0033CCF8 = {
						CreatedOnToolsVersion = 14.2;
					};
				};
			};
			buildConfigurationList = 3A23C5C7299256BA0033CCF8 /* Build configuration list for PBXProject "OneCoin" */;
			compatibilityVersion = "Xcode 14.0";
			developmentRegion = en;
			hasScannedForEncodings = 0;
			knownRegions = (
				en,
				Base,
			);
			mainGroup = 3A23C5C3299256BA0033CCF8;
			productRefGroup = 3A23C5CD299256BA0033CCF8 /* Products */;
			projectDirPath = "";
			projectRoot = "";
			targets = (
				3A23C5CB299256BA0033CCF8 /* OneCoin */,
			);
		};
/* End PBXProject section */

/* Begin PBXResourcesBuildPhase section */
		3A23C5CA299256BA0033CCF8 /* Resources */ = {
			isa = PBXResourcesBuildPhase;
			buildActionMask = 2147483647;
			files = (
				3A23C5D7299256BB0033CCF8 /* Preview Assets.xcassets in Resources */,
				3A23C5D4299256BB0033CCF8 /* Assets.xcassets in Resources */,
			);
			runOnlyForDeploymentPostprocessing = 0;
		};
/* End PBXResourcesBuildPhase section */

/* Begin PBXShellScriptBuildPhase section */
		D836A29EE9D16490C917FE00 /* [CP] Embed Pods Frameworks */ = {
			isa = PBXShellScriptBuildPhase;
			buildActionMask = 2147483647;
			files = (
			);
			inputFileListPaths = (
				"${PODS_ROOT}/Target Support Files/Pods-OneCoin/Pods-OneCoin-frameworks-${CONFIGURATION}-input-files.xcfilelist",
			);
			name = "[CP] Embed Pods Frameworks";
			outputFileListPaths = (
				"${PODS_ROOT}/Target Support Files/Pods-OneCoin/Pods-OneCoin-frameworks-${CONFIGURATION}-output-files.xcfilelist",
			);
			runOnlyForDeploymentPostprocessing = 0;
			shellPath = /bin/sh;
			shellScript = "\"${PODS_ROOT}/Target Support Files/Pods-OneCoin/Pods-OneCoin-frameworks.sh\"\n";
			showEnvVarsInLog = 0;
		};
		F9D732022391754963135969 /* [CP] Check Pods Manifest.lock */ = {
			isa = PBXShellScriptBuildPhase;
			buildActionMask = 2147483647;
			files = (
			);
			inputFileListPaths = (
			);
			inputPaths = (
				"${PODS_PODFILE_DIR_PATH}/Podfile.lock",
				"${PODS_ROOT}/Manifest.lock",
			);
			name = "[CP] Check Pods Manifest.lock";
			outputFileListPaths = (
			);
			outputPaths = (
				"$(DERIVED_FILE_DIR)/Pods-OneCoin-checkManifestLockResult.txt",
			);
			runOnlyForDeploymentPostprocessing = 0;
			shellPath = /bin/sh;
			shellScript = "diff \"${PODS_PODFILE_DIR_PATH}/Podfile.lock\" \"${PODS_ROOT}/Manifest.lock\" > /dev/null\nif [ $? != 0 ] ; then\n    # print error to STDERR\n    echo \"error: The sandbox is not in sync with the Podfile.lock. Run 'pod install' or update your CocoaPods installation.\" >&2\n    exit 1\nfi\n# This output is used by Xcode 'outputs' to avoid re-running this script phase.\necho \"SUCCESS\" > \"${SCRIPT_OUTPUT_FILE_0}\"\n";
			showEnvVarsInLog = 0;
		};
/* End PBXShellScriptBuildPhase section */

/* Begin PBXSourcesBuildPhase section */
		3A23C5C8299256BA0033CCF8 /* Sources */ = {
			isa = PBXSourcesBuildPhase;
			buildActionMask = 2147483647;
			files = (
				3A5BA2FE29B3895200085ACF /* CoinTopAppBar.swift in Sources */,
				314515B32A1FA92600E31A17 /* LollipopChartMockData.swift in Sources */,
				3A5BA2DA29A9014300085ACF /* AnalyticsScreen.swift in Sources */,
				314515B72A1FB5EA00E31A17 /* Date.swift in Sources */,
				7E7F35172A0AF421008C345E /* PlansScreen.swift in Sources */,
				3A5BA2FA29B376E300085ACF /* AppScreen.swift in Sources */,
				3A5BA2F029B10BE000085ACF /* CoinColors.swift in Sources */,
				310099652A1BF69F003BC155 /* UIOneCoinConstants.swift in Sources */,
				314515AF2A1F94E500E31A17 /* TotalExpenseChartWidgetContent.swift in Sources */,
				3A23C5D2299256BA0033CCF8 /* HomeScreen.swift in Sources */,
				3A5BA2D129A8FE0D00085ACF /* TabsNavigationScreen.swift in Sources */,
				7E7F35192A0AFAFF008C345E /* Tab.swift in Sources */,
				3AF88E0D29F3EDB30011C207 /* LastTransactionsWidget.swift in Sources */,
				3A5BA2E429A9FFDF00085ACF /* SVGImageView.swift in Sources */,
				3A5BA2DC29A9016200085ACF /* CardAccountsScreen.swift in Sources */,
				3A5BA2DE29A9017700085ACF /* TransactionsScreen.swift in Sources */,
				3A5BA2FC29B37D1E00085ACF /* CustomEnvironmentValues.swift in Sources */,
				3A5BA30529B3A98300085ACF /* SettingsScreen.swift in Sources */,
				319CBA8B2A1E3B3400E5B8FD /* TotalExpenseChartWidget.swift in Sources */,
				3AF88E0729F3DC9E0011C207 /* CoinWidget.swift in Sources */,
				3A5BA2EC29B10B0A00085ACF /* CoinTheme.swift in Sources */,
				314515B12A1F9D2D00E31A17 /* LollipopChart.swift in Sources */,
				3A5BA30229B3A83000085ACF /* TransactionsAppBar.swift in Sources */,
				3A23C5D0299256BA0033CCF8 /* OneCoinApp.swift in Sources */,
				3A5BA2E729AA674B00085ACF /* CoinTabView.swift in Sources */,
				3A5BA2EE29B10B2D00085ACF /* Typography.swift in Sources */,
				319CBA8F2A1E57E200E5B8FD /* TimelineTypes.swift in Sources */,
				3A5BA30029B39BB800085ACF /* HomeTopBar.swift in Sources */,
				314515BA2A1FF0A100E31A17 /* SafeInCollection.swift in Sources */,
				3AF88E0929F3DE220011C207 /* View+Extension.swift in Sources */,
				314515BC2A1FF38500E31A17 /* InteractionWithLollipopChart.swift in Sources */,
				319CBA882A1D5D3300E5B8FD /* AccountCard.swift in Sources */,
				7E7F35102A0AEEEA008C345E /* AccountCardModel.swift in Sources */,
				3A5BA2E129A901C100085ACF /* AddTransactionScreen.swift in Sources */,
			);
			runOnlyForDeploymentPostprocessing = 0;
		};
/* End PBXSourcesBuildPhase section */

/* Begin XCBuildConfiguration section */
		3A23C5D8299256BB0033CCF8 /* Debug */ = {
			isa = XCBuildConfiguration;
			buildSettings = {
				ALWAYS_SEARCH_USER_PATHS = NO;
				CLANG_ANALYZER_NONNULL = YES;
				CLANG_ANALYZER_NUMBER_OBJECT_CONVERSION = YES_AGGRESSIVE;
				CLANG_CXX_LANGUAGE_STANDARD = "gnu++20";
				CLANG_ENABLE_MODULES = YES;
				CLANG_ENABLE_OBJC_ARC = YES;
				CLANG_ENABLE_OBJC_WEAK = YES;
				CLANG_WARN_BLOCK_CAPTURE_AUTORELEASING = YES;
				CLANG_WARN_BOOL_CONVERSION = YES;
				CLANG_WARN_COMMA = YES;
				CLANG_WARN_CONSTANT_CONVERSION = YES;
				CLANG_WARN_DEPRECATED_OBJC_IMPLEMENTATIONS = YES;
				CLANG_WARN_DIRECT_OBJC_ISA_USAGE = YES_ERROR;
				CLANG_WARN_DOCUMENTATION_COMMENTS = YES;
				CLANG_WARN_EMPTY_BODY = YES;
				CLANG_WARN_ENUM_CONVERSION = YES;
				CLANG_WARN_INFINITE_RECURSION = YES;
				CLANG_WARN_INT_CONVERSION = YES;
				CLANG_WARN_NON_LITERAL_NULL_CONVERSION = YES;
				CLANG_WARN_OBJC_IMPLICIT_RETAIN_SELF = YES;
				CLANG_WARN_OBJC_LITERAL_CONVERSION = YES;
				CLANG_WARN_OBJC_ROOT_CLASS = YES_ERROR;
				CLANG_WARN_QUOTED_INCLUDE_IN_FRAMEWORK_HEADER = YES;
				CLANG_WARN_RANGE_LOOP_ANALYSIS = YES;
				CLANG_WARN_STRICT_PROTOTYPES = YES;
				CLANG_WARN_SUSPICIOUS_MOVE = YES;
				CLANG_WARN_UNGUARDED_AVAILABILITY = YES_AGGRESSIVE;
				CLANG_WARN_UNREACHABLE_CODE = YES;
				CLANG_WARN__DUPLICATE_METHOD_MATCH = YES;
				COPY_PHASE_STRIP = NO;
				DEBUG_INFORMATION_FORMAT = dwarf;
				ENABLE_STRICT_OBJC_MSGSEND = YES;
				ENABLE_TESTABILITY = YES;
				GCC_C_LANGUAGE_STANDARD = gnu11;
				GCC_DYNAMIC_NO_PIC = NO;
				GCC_NO_COMMON_BLOCKS = YES;
				GCC_OPTIMIZATION_LEVEL = 0;
				GCC_PREPROCESSOR_DEFINITIONS = (
					"DEBUG=1",
					"$(inherited)",
				);
				GCC_WARN_64_TO_32_BIT_CONVERSION = YES;
				GCC_WARN_ABOUT_RETURN_TYPE = YES_ERROR;
				GCC_WARN_UNDECLARED_SELECTOR = YES;
				GCC_WARN_UNINITIALIZED_AUTOS = YES_AGGRESSIVE;
				GCC_WARN_UNUSED_FUNCTION = YES;
				GCC_WARN_UNUSED_VARIABLE = YES;
				IPHONEOS_DEPLOYMENT_TARGET = 16.0;
				MTL_ENABLE_DEBUG_INFO = INCLUDE_SOURCE;
				MTL_FAST_MATH = YES;
				ONLY_ACTIVE_ARCH = YES;
				SDKROOT = iphoneos;
				SWIFT_ACTIVE_COMPILATION_CONDITIONS = DEBUG;
				SWIFT_OPTIMIZATION_LEVEL = "-Onone";
			};
			name = Debug;
		};
		3A23C5D9299256BB0033CCF8 /* Release */ = {
			isa = XCBuildConfiguration;
			buildSettings = {
				ALWAYS_SEARCH_USER_PATHS = NO;
				CLANG_ANALYZER_NONNULL = YES;
				CLANG_ANALYZER_NUMBER_OBJECT_CONVERSION = YES_AGGRESSIVE;
				CLANG_CXX_LANGUAGE_STANDARD = "gnu++20";
				CLANG_ENABLE_MODULES = YES;
				CLANG_ENABLE_OBJC_ARC = YES;
				CLANG_ENABLE_OBJC_WEAK = YES;
				CLANG_WARN_BLOCK_CAPTURE_AUTORELEASING = YES;
				CLANG_WARN_BOOL_CONVERSION = YES;
				CLANG_WARN_COMMA = YES;
				CLANG_WARN_CONSTANT_CONVERSION = YES;
				CLANG_WARN_DEPRECATED_OBJC_IMPLEMENTATIONS = YES;
				CLANG_WARN_DIRECT_OBJC_ISA_USAGE = YES_ERROR;
				CLANG_WARN_DOCUMENTATION_COMMENTS = YES;
				CLANG_WARN_EMPTY_BODY = YES;
				CLANG_WARN_ENUM_CONVERSION = YES;
				CLANG_WARN_INFINITE_RECURSION = YES;
				CLANG_WARN_INT_CONVERSION = YES;
				CLANG_WARN_NON_LITERAL_NULL_CONVERSION = YES;
				CLANG_WARN_OBJC_IMPLICIT_RETAIN_SELF = YES;
				CLANG_WARN_OBJC_LITERAL_CONVERSION = YES;
				CLANG_WARN_OBJC_ROOT_CLASS = YES_ERROR;
				CLANG_WARN_QUOTED_INCLUDE_IN_FRAMEWORK_HEADER = YES;
				CLANG_WARN_RANGE_LOOP_ANALYSIS = YES;
				CLANG_WARN_STRICT_PROTOTYPES = YES;
				CLANG_WARN_SUSPICIOUS_MOVE = YES;
				CLANG_WARN_UNGUARDED_AVAILABILITY = YES_AGGRESSIVE;
				CLANG_WARN_UNREACHABLE_CODE = YES;
				CLANG_WARN__DUPLICATE_METHOD_MATCH = YES;
				COPY_PHASE_STRIP = NO;
				DEBUG_INFORMATION_FORMAT = "dwarf-with-dsym";
				ENABLE_NS_ASSERTIONS = NO;
				ENABLE_STRICT_OBJC_MSGSEND = YES;
				GCC_C_LANGUAGE_STANDARD = gnu11;
				GCC_NO_COMMON_BLOCKS = YES;
				GCC_WARN_64_TO_32_BIT_CONVERSION = YES;
				GCC_WARN_ABOUT_RETURN_TYPE = YES_ERROR;
				GCC_WARN_UNDECLARED_SELECTOR = YES;
				GCC_WARN_UNINITIALIZED_AUTOS = YES_AGGRESSIVE;
				GCC_WARN_UNUSED_FUNCTION = YES;
				GCC_WARN_UNUSED_VARIABLE = YES;
				IPHONEOS_DEPLOYMENT_TARGET = 16.0;
				MTL_ENABLE_DEBUG_INFO = NO;
				MTL_FAST_MATH = YES;
				SDKROOT = iphoneos;
				SWIFT_COMPILATION_MODE = wholemodule;
				SWIFT_OPTIMIZATION_LEVEL = "-O";
				VALIDATE_PRODUCT = YES;
			};
			name = Release;
		};
		3A23C5DB299256BB0033CCF8 /* Debug */ = {
			isa = XCBuildConfiguration;
			baseConfigurationReference = 9EE0A9CAE319A78AC1868C04 /* Pods-OneCoin.debug.xcconfig */;
			buildSettings = {
				ASSETCATALOG_COMPILER_APPICON_NAME = AppIcon;
				ASSETCATALOG_COMPILER_GLOBAL_ACCENT_COLOR_NAME = AccentColor;
				CODE_SIGN_STYLE = Automatic;
				CURRENT_PROJECT_VERSION = 1;
				DEVELOPMENT_ASSET_PATHS = "\"OneCoin/Preview Content\"";
				DEVELOPMENT_TEAM = 493TY65FU6;
				ENABLE_PREVIEWS = YES;
				EXCLUDED_ARCHS = "";
				GENERATE_INFOPLIST_FILE = YES;
				INFOPLIST_FILE = OneCoin/Info.plist;
				INFOPLIST_KEY_CFBundleDisplayName = 1Coin;
				INFOPLIST_KEY_LSApplicationCategoryType = "public.app-category.finance";
				INFOPLIST_KEY_UIApplicationSupportsIndirectInputEvents = YES;
				INFOPLIST_KEY_UILaunchScreen_Generation = YES;
				INFOPLIST_KEY_UISupportedInterfaceOrientations = UIInterfaceOrientationPortrait;
				IPHONEOS_DEPLOYMENT_TARGET = 16.0;
				LD_RUNPATH_SEARCH_PATHS = (
					"$(inherited)",
					"@executable_path/Frameworks",
				);
				MARKETING_VERSION = 1.0;
				PRODUCT_BUNDLE_IDENTIFIER = "com.finance-tracker.OneCoin";
				PRODUCT_NAME = "$(TARGET_NAME)";
				SWIFT_COMPILATION_MODE = singlefile;
				SWIFT_EMIT_LOC_STRINGS = YES;
				SWIFT_OPTIMIZATION_LEVEL = "-O";
				SWIFT_VERSION = 5.0;
				TARGETED_DEVICE_FAMILY = "1,2";
			};
			name = Debug;
		};
		3A23C5DC299256BB0033CCF8 /* Release */ = {
			isa = XCBuildConfiguration;
			baseConfigurationReference = 106BD4D641D5FF7BDD1FC52C /* Pods-OneCoin.release.xcconfig */;
			buildSettings = {
				ASSETCATALOG_COMPILER_APPICON_NAME = AppIcon;
				ASSETCATALOG_COMPILER_GLOBAL_ACCENT_COLOR_NAME = AccentColor;
				CODE_SIGN_STYLE = Automatic;
				CURRENT_PROJECT_VERSION = 1;
				DEVELOPMENT_ASSET_PATHS = "\"OneCoin/Preview Content\"";
				DEVELOPMENT_TEAM = 493TY65FU6;
				ENABLE_PREVIEWS = YES;
				EXCLUDED_ARCHS = "";
				GENERATE_INFOPLIST_FILE = YES;
				INFOPLIST_FILE = OneCoin/Info.plist;
				INFOPLIST_KEY_CFBundleDisplayName = 1Coin;
				INFOPLIST_KEY_LSApplicationCategoryType = "public.app-category.finance";
				INFOPLIST_KEY_UIApplicationSupportsIndirectInputEvents = YES;
				INFOPLIST_KEY_UILaunchScreen_Generation = YES;
				INFOPLIST_KEY_UISupportedInterfaceOrientations = UIInterfaceOrientationPortrait;
				IPHONEOS_DEPLOYMENT_TARGET = 16.0;
				LD_RUNPATH_SEARCH_PATHS = (
					"$(inherited)",
					"@executable_path/Frameworks",
				);
				MARKETING_VERSION = 1.0;
				ONLY_ACTIVE_ARCH = NO;
				PRODUCT_BUNDLE_IDENTIFIER = "com.finance-tracker.OneCoin";
				PRODUCT_NAME = "$(TARGET_NAME)";
				SWIFT_EMIT_LOC_STRINGS = YES;
				SWIFT_OPTIMIZATION_LEVEL = "-Osize";
				SWIFT_VERSION = 5.0;
				TARGETED_DEVICE_FAMILY = "1,2";
			};
			name = Release;
		};
/* End XCBuildConfiguration section */

/* Begin XCConfigurationList section */
		3A23C5C7299256BA0033CCF8 /* Build configuration list for PBXProject "OneCoin" */ = {
			isa = XCConfigurationList;
			buildConfigurations = (
				3A23C5D8299256BB0033CCF8 /* Debug */,
				3A23C5D9299256BB0033CCF8 /* Release */,
			);
			defaultConfigurationIsVisible = 0;
			defaultConfigurationName = Release;
		};
		3A23C5DA299256BB0033CCF8 /* Build configuration list for PBXNativeTarget "OneCoin" */ = {
			isa = XCConfigurationList;
			buildConfigurations = (
				3A23C5DB299256BB0033CCF8 /* Debug */,
				3A23C5DC299256BB0033CCF8 /* Release */,
			);
			defaultConfigurationIsVisible = 0;
			defaultConfigurationName = Release;
		};
/* End XCConfigurationList section */
	};
	rootObject = 3A23C5C4299256BA0033CCF8 /* Project object */;
}
